// !$*UTF8*$!
{
	archiveVersion = 1;
	classes = {
	};
	objectVersion = 77;
	objects = {

/* Begin PBXBuildFile section */
		86DE2D022F9A7323002BC5DA /* AppDelegate.m in Sources */ = {isa = PBXBuildFile; fileRef = 86DE2CF52F9A7323002BC5DA /* AppDelegate.m */; };
		86DE2D032F9A7323002BC5DA /* main.m in Sources */ = {isa = PBXBuildFile; fileRef = 86DE2CFA2F9A7323002BC5DA /* main.m */; };
		86DE2D042F9A7323002BC5DA /* SceneDelegate.m in Sources */ = {isa = PBXBuildFile; fileRef = 86DE2CFE2F9A7323002BC5DA /* SceneDelegate.m */; };
		86DE2D052F9A7323002BC5DA /* ViewController.m in Sources */ = {isa = PBXBuildFile; fileRef = 86DE2D002F9A7323002BC5DA /* ViewController.m */; };
		86DE2D062F9A7323002BC5DA /* Assets.xcassets in Resources */ = {isa = PBXBuildFile; fileRef = 86DE2CF62F9A7323002BC5DA /* Assets.xcassets */; };
		86DE2D082F9A7323002BC5DA /* LaunchScreen.storyboard in Resources */ = {isa = PBXBuildFile; fileRef = 86DE2CF92F9A7323002BC5DA /* LaunchScreen.storyboard */; };
		86DE2D092F9A7323002BC5DA /* Main.storyboard in Resources */ = {isa = PBXBuildFile; fileRef = 86DE2CFC2F9A7323002BC5DA /* Main.storyboard */; };
		86DE2D312F9A7EAC002BC5DA /* SCPermissionCenter.m in Sources */ = {isa = PBXBuildFile; fileRef = 86DE2D302F9A7EAC002BC5DA /* SCPermissionCenter.m */; };
		C0A100010000000000000001 /* SCPermissionCore.m in Sources */ = {isa = PBXBuildFile; fileRef = C0A100020000000000000002 /* SCPermissionCore.m */; };
		C0A100100000000000000010 /* SCPermissionCoreTests.m in Sources */ = {isa = PBXBuildFile; fileRef = C0A100120000000000000012 /* SCPermissionCoreTests.m */; };
		C0A100110000000000000011 /* XCTest.framework in Frameworks */ = {isa = PBXBuildFile; fileRef = C0A100140000000000000014 /* XCTest.framework */; };
		C0A100240000000000000024 /* SCPermissionCenter.m in Tests */ = {isa = PBXBuildFile; fileRef = 86DE2D302F9A7EAC002BC5DA /* SCPermissionCenter.m */; };
		C0A100250000000000000025 /* SCPermissionCore.m in Tests */ = {isa = PBXBuildFile; fileRef = C0A100020000000000000002 /* SCPermissionCore.m */; };
/* End PBXBuildFile section */

/* Begin PBXFileReference section */
		86DE2CD72F9A731A002BC5DA /* Next Permission.app */ = {isa = PBXFileReference; explicitFileType = wrapper.application; includeInIndex = 0; path = "Next Permission.app"; sourceTree = BUILT_PRODUCTS_DIR; };
		86DE2CF42F9A7323002BC5DA /* AppDelegate.h */ = {isa = PBXFileReference; lastKnownFileType = sourcecode.c.h; path = AppDelegate.h; sourceTree = "<group>"; };
		86DE2CF52F9A7323002BC5DA /* AppDelegate.m */ = {isa = PBXFileReference; lastKnownFileType = sourcecode.c.objc; path = AppDelegate.m; sourceTree = "<group>"; };
		86DE2CF62F9A7323002BC5DA /* Assets.xcassets */ = {isa = PBXFileReference; lastKnownFileType = folder.assetcatalog; path = Assets.xcassets; sourceTree = "<group>"; };
		86DE2CF72F9A7323002BC5DA /* Info.plist */ = {isa = PBXFileReference; lastKnownFileType = text.plist.xml; path = Info.plist; sourceTree = "<group>"; };
		86DE2CF82F9A7323002BC5DA /* Base */ = {isa = PBXFileReference; lastKnownFileType = file.storyboard; name = Base; path = Base.lproj/LaunchScreen.storyboard; sourceTree = "<group>"; };
		86DE2CFA2F9A7323002BC5DA /* main.m */ = {isa = PBXFileReference; lastKnownFileType = sourcecode.c.objc; path = main.m; sourceTree = "<group>"; };
		86DE2CFB2F9A7323002BC5DA /* Base */ = {isa = PBXFileReference; lastKnownFileType = file.storyboard; name = Base; path = Base.lproj/Main.storyboard; sourceTree = "<group>"; };
		86DE2CFD2F9A7323002BC5DA /* SceneDelegate.h */ = {isa = PBXFileReference; lastKnownFileType = sourcecode.c.h; path = SceneDelegate.h; sourceTree = "<group>"; };
		86DE2CFE2F9A7323002BC5DA /* SceneDelegate.m */ = {isa = PBXFileReference; lastKnownFileType = sourcecode.c.objc; path = SceneDelegate.m; sourceTree = "<group>"; };
		86DE2CFF2F9A7323002BC5DA /* ViewController.h */ = {isa = PBXFileReference; lastKnownFileType = sourcecode.c.h; path = ViewController.h; sourceTree = "<group>"; };
		86DE2D002F9A7323002BC5DA /* ViewController.m */ = {isa = PBXFileReference; lastKnownFileType = sourcecode.c.objc; path = ViewController.m; sourceTree = "<group>"; };
		86DE2D2E2F9A7E24002BC5DA /* SCPermissionTypes.h */ = {isa = PBXFileReference; lastKnownFileType = sourcecode.c.h; path = SCPermissionTypes.h; sourceTree = "<group>"; };
		86DE2D2F2F9A7E24002BC5DA /* SCPermissionCenter.h */ = {isa = PBXFileReference; lastKnownFileType = sourcecode.c.h; path = SCPermissionCenter.h; sourceTree = "<group>"; };
		86DE2D302F9A7EAC002BC5DA /* SCPermissionCenter.m */ = {isa = PBXFileReference; lastKnownFileType = sourcecode.c.objc; path = SCPermissionCenter.m; sourceTree = "<group>"; };
		C0A100020000000000000002 /* SCPermissionCore.m */ = {isa = PBXFileReference; lastKnownFileType = sourcecode.c.objc; path = SCPermissionCore.m; sourceTree = "<group>"; };
		C0A100030000000000000003 /* SCPermissionCore.h */ = {isa = PBXFileReference; lastKnownFileType = sourcecode.c.h; path = SCPermissionCore.h; sourceTree = "<group>"; };
		C0A100120000000000000012 /* SCPermissionCoreTests.m */ = {isa = PBXFileReference; lastKnownFileType = sourcecode.c.objc; path = SCPermissionCoreTests.m; sourceTree = "<group>"; };
		C0A100130000000000000013 /* Next PermissionTests.xctest */ = {isa = PBXFileReference; explicitFileType = wrapper.cfbundle; includeInIndex = 0; path = "Next PermissionTests.xctest"; sourceTree = BUILT_PRODUCTS_DIR; };
		C0A100140000000000000014 /* XCTest.framework */ = {isa = PBXFileReference; lastKnownFileType = wrapper.framework; name = XCTest.framework; path = System/Library/Frameworks/XCTest.framework; sourceTree = SDKROOT; };
/* End PBXFileReference section */

/* Begin PBXFrameworksBuildPhase section */
		86DE2CD42F9A731A002BC5DA /* Frameworks */ = {
			isa = PBXFrameworksBuildPhase;
			buildActionMask = 2147483647;
			files = (
			);
			runOnlyForDeploymentPostprocessing = 0;
		};
		C0A100160000000000000016 /* Frameworks */ = { isa = PBXFrameworksBuildPhase; buildActionMask = 2147483647; files = ( C0A100110000000000000011 /* XCTest.framework in Frameworks */, ); runOnlyForDeploymentPostprocessing = 0; };
/* End PBXFrameworksBuildPhase section */

/* Begin PBXGroup section */
		86DE2CCE2F9A7319002BC5DA = {
			isa = PBXGroup;
			children = (
				86DE2D012F9A7323002BC5DA /* Next Permission */,
				C0A100150000000000000015 /* Next PermissionTests */,
				86DE2CD82F9A731A002BC5DA /* Products */,
			);
			sourceTree = "<group>";
		};
		86DE2CD82F9A731A002BC5DA /* Products */ = {
			isa = PBXGroup;
			children = (
				86DE2CD72F9A731A002BC5DA /* Next Permission.app */,
				C0A100130000000000000013 /* Next PermissionTests.xctest */,
			);
			name = Products;
			sourceTree = "<group>";
		};
		C0A100150000000000000015 /* Next PermissionTests */ = {
			isa = PBXGroup;
			children = (
				C0A100120000000000000012 /* SCPermissionCoreTests.m */,
			);
			path = "Next PermissionTests";
			sourceTree = "<group>";
		};
		86DE2D012F9A7323002BC5DA /* Next Permission */ = {
			isa = PBXGroup;
			children = (
				86DE2CF42F9A7323002BC5DA /* AppDelegate.h */,
				86DE2CF52F9A7323002BC5DA /* AppDelegate.m */,
				86DE2CF62F9A7323002BC5DA /* Assets.xcassets */,
				86DE2CF72F9A7323002BC5DA /* Info.plist */,
				86DE2CF92F9A7323002BC5DA /* LaunchScreen.storyboard */,
				86DE2CFA2F9A7323002BC5DA /* main.m */,
				86DE2CFC2F9A7323002BC5DA /* Main.storyboard */,
				86DE2CFD2F9A7323002BC5DA /* SceneDelegate.h */,
				86DE2CFE2F9A7323002BC5DA /* SceneDelegate.m */,
				86DE2CFF2F9A7323002BC5DA /* ViewController.h */,
				86DE2D002F9A7323002BC5DA /* ViewController.m */,
				86DE2D0A2F9A73FE002BC5DA /* Permissions */,
			);
			path = "Next Permission";
			sourceTree = "<group>";
		};
		86DE2D0A2F9A73FE002BC5DA /* Permissions */ = {
			isa = PBXGroup;
			children = (
				86DE2D2E2F9A7E24002BC5DA /* SCPermissionTypes.h */,
				86DE2D2F2F9A7E24002BC5DA /* SCPermissionCenter.h */,
				86DE2D302F9A7EAC002BC5DA /* SCPermissionCenter.m */,
				C0A100030000000000000003 /* SCPermissionCore.h */,
				C0A100020000000000000002 /* SCPermissionCore.m */,
			);
			path = Permissions;
			sourceTree = "<group>";
		};
/* End PBXGroup section */

/* Begin PBXNativeTarget section */
		86DE2CD62F9A731A002BC5DA /* Next Permission */ = {
			isa = PBXNativeTarget;
			buildConfigurationList = 86DE2CEF2F9A731A002BC5DA /* Build configuration list for PBXNativeTarget "Next Permission" */;
			buildPhases = (
				86DE2CD32F9A731A002BC5DA /* Sources */,
				86DE2CD42F9A731A002BC5DA /* Frameworks */,
				86DE2CD52F9A731A002BC5DA /* Resources */,
			);
			buildRules = (
			);
			dependencies = (
			);
			name = "Next Permission";
			packageProductDependencies = (
			);
			productName = "Next Permission";
			productReference = 86DE2CD72F9A731A002BC5DA /* Next Permission.app */;
			productType = "com.apple.product-type.application";
		};
		C0A100180000000000000018 /* Next PermissionTests */ = { isa = PBXNativeTarget; buildConfigurationList = C0A100190000000000000019 /* Build configuration list for PBXNativeTarget \"Next PermissionTests\" */; buildPhases = ( C0A100170000000000000017 /* Sources */, C0A100160000000000000016 /* Frameworks */, ); buildRules = (); dependencies = (); name = "Next PermissionTests"; productName = "Next PermissionTests"; productReference = C0A100130000000000000013 /* Next PermissionTests.xctest */; productType = "com.apple.product-type.bundle.unit-test"; };
/* End PBXNativeTarget section */

/* Begin PBXProject section */
		86DE2CCF2F9A7319002BC5DA /* Project object */ = {
			isa = PBXProject;
			attributes = {
				BuildIndependentTargetsInParallel = 1;
				LastUpgradeCheck = 2640;
				TargetAttributes = {
					86DE2CD62F9A731A002BC5DA = {
						CreatedOnToolsVersion = 26.4.1;
					};
				};
			};
			buildConfigurationList = 86DE2CD22F9A7319002BC5DA /* Build configuration list for PBXProject "Next Permission" */;
			developmentRegion = en;
			hasScannedForEncodings = 0;
			knownRegions = (
				en,
				Base,
			);
			mainGroup = 86DE2CCE2F9A7319002BC5DA;
			minimizedProjectReferenceProxies = 1;
			preferredProjectObjectVersion = 77;
			productRefGroup = 86DE2CD82F9A731A002BC5DA /* Products */;
			projectDirPath = "";
			projectRoot = "";
			targets = (
				86DE2CD62F9A731A002BC5DA /* Next Permission */,
				C0A100180000000000000018 /* Next PermissionTests */,
			);
		};
/* End PBXProject section */

/* Begin PBXResourcesBuildPhase section */
		86DE2CD52F9A731A002BC5DA /* Resources */ = {
			isa = PBXResourcesBuildPhase;
			buildActionMask = 2147483647;
			files = (
				86DE2D062F9A7323002BC5DA /* Assets.xcassets in Resources */,
				86DE2D082F9A7323002BC5DA /* LaunchScreen.storyboard in Resources */,
				86DE2D092F9A7323002BC5DA /* Main.storyboard in Resources */,
			);
			runOnlyForDeploymentPostprocessing = 0;
		};
/* End PBXResourcesBuildPhase section */

/* Begin PBXSourcesBuildPhase section */
		86DE2CD32F9A731A002BC5DA /* Sources */ = {
			isa = PBXSourcesBuildPhase;
			buildActionMask = 2147483647;
			files = (
				86DE2D312F9A7EAC002BC5DA /* SCPermissionCenter.m in Sources */,
				C0A100010000000000000001 /* SCPermissionCore.m in Sources */,
				86DE2D022F9A7323002BC5DA /* AppDelegate.m in Sources */,
				86DE2D032F9A7323002BC5DA /* main.m in Sources */,
				86DE2D042F9A7323002BC5DA /* SceneDelegate.m in Sources */,
				86DE2D052F9A7323002BC5DA /* ViewController.m in Sources */,
			);
			runOnlyForDeploymentPostprocessing = 0;
		};
		C0A100170000000000000017 /* Sources */ = { isa = PBXSourcesBuildPhase; buildActionMask = 2147483647; files = ( C0A100100000000000000010 /* SCPermissionCoreTests.m in Sources */, C0A100240000000000000024 /* SCPermissionCenter.m in Tests */, C0A100250000000000000025 /* SCPermissionCore.m in Tests */, ); runOnlyForDeploymentPostprocessing = 0; };
/* End PBXSourcesBuildPhase section */

/* Begin PBXVariantGroup section */
		86DE2CF92F9A7323002BC5DA /* LaunchScreen.storyboard */ = {
			isa = PBXVariantGroup;
			children = (
				86DE2CF82F9A7323002BC5DA /* Base */,
			);
			name = LaunchScreen.storyboard;
			sourceTree = "<group>";
		};
		86DE2CFC2F9A7323002BC5DA /* Main.storyboard */ = {
			isa = PBXVariantGroup;
			children = (
				86DE2CFB2F9A7323002BC5DA /* Base */,
			);
			name = Main.storyboard;
			sourceTree = "<group>";
		};
/* End PBXVariantGroup section */

/* Begin XCBuildConfiguration section */
		C0A100200000000000000020 /* Debug */ = { isa = XCBuildConfiguration; buildSettings = { CLANG_ENABLE_OBJC_ARC = YES; GENERATE_INFOPLIST_FILE = YES; IPHONEOS_DEPLOYMENT_TARGET = 26.4; PRODUCT_BUNDLE_IDENTIFIER = "com.lgc.Next-PermissionTests"; PRODUCT_NAME = "$(TARGET_NAME)"; SDKROOT = iphoneos; TEST_HOST = ""; }; name = Debug; };
		C0A100210000000000000021 /* Release */ = { isa = XCBuildConfiguration; buildSettings = { CLANG_ENABLE_OBJC_ARC = YES; GENERATE_INFOPLIST_FILE = YES; IPHONEOS_DEPLOYMENT_TARGET = 26.4; PRODUCT_BUNDLE_IDENTIFIER = "com.lgc.Next-PermissionTests"; PRODUCT_NAME = "$(TARGET_NAME)"; SDKROOT = iphoneos; TEST_HOST = ""; }; name = Release; };
		86DE2CF02F9A731A002BC5DA /* Debug */ = {
			isa = XCBuildConfiguration;
			buildSettings = {
				ASSETCATALOG_COMPILER_APPICON_NAME = AppIcon;
				ASSETCATALOG_COMPILER_GLOBAL_ACCENT_COLOR_NAME = AccentColor;
				CODE_SIGN_STYLE = Automatic;
				CURRENT_PROJECT_VERSION = 1;
				DEVELOPMENT_TEAM = 3SAAZZPM76;
				GENERATE_INFOPLIST_FILE = YES;
				INFOPLIST_FILE = "Next Permission/Info.plist";
				INFOPLIST_KEY_UIApplicationSupportsIndirectInputEvents = YES;
				INFOPLIST_KEY_UILaunchStoryboardName = LaunchScreen;
				INFOPLIST_KEY_UIMainStoryboardFile = Main;
				INFOPLIST_KEY_UISupportedInterfaceOrientations_iPad = "UIInterfaceOrientationPortrait UIInterfaceOrientationPortraitUpsideDown UIInterfaceOrientationLandscapeLeft UIInterfaceOrientationLandscapeRight";
				INFOPLIST_KEY_UISupportedInterfaceOrientations_iPhone = "UIInterfaceOrientationPortrait UIInterfaceOrientationLandscapeLeft UIInterfaceOrientationLandscapeRight";
				LD_RUNPATH_SEARCH_PATHS = (
					"$(inherited)",
					"@executable_path/Frameworks",
				);
				MARKETING_VERSION = 1.0;
				PRODUCT_BUNDLE_IDENTIFIER = "com.lgc.Next-Permission";
				PRODUCT_NAME = "$(TARGET_NAME)";
				STRING_CATALOG_GENERATE_SYMBOLS = YES;
				SWIFT_EMIT_LOC_STRINGS = YES;
				TARGETED_DEVICE_FAMILY = "1,2";
			};
			name = Debug;
		};
		86DE2CF12F9A731A002BC5DA /* Release */ = {
			isa = XCBuildConfiguration;
			buildSettings = {
				ASSETCATALOG_COMPILER_APPICON_NAME = AppIcon;
				ASSETCATALOG_COMPILER_GLOBAL_ACCENT_COLOR_NAME = AccentColor;
				CODE_SIGN_STYLE = Automatic;
				CURRENT_PROJECT_VERSION = 1;
				DEVELOPMENT_TEAM = 3SAAZZPM76;
				GENERATE_INFOPLIST_FILE = YES;
				INFOPLIST_FILE = "Next Permission/Info.plist";
				INFOPLIST_KEY_UIApplicationSupportsIndirectInputEvents = YES;
				INFOPLIST_KEY_UILaunchStoryboardName = LaunchScreen;
				INFOPLIST_KEY_UIMainStoryboardFile = Main;
				INFOPLIST_KEY_UISupportedInterfaceOrientations_iPad = "UIInterfaceOrientationPortrait UIInterfaceOrientationPortraitUpsideDown UIInterfaceOrientationLandscapeLeft UIInterfaceOrientationLandscapeRight";
				INFOPLIST_KEY_UISupportedInterfaceOrientations_iPhone = "UIInterfaceOrientationPortrait UIInterfaceOrientationLandscapeLeft UIInterfaceOrientationLandscapeRight";
				LD_RUNPATH_SEARCH_PATHS = (
					"$(inherited)",
					"@executable_path/Frameworks",
				);
				MARKETING_VERSION = 1.0;
				PRODUCT_BUNDLE_IDENTIFIER = "com.lgc.Next-Permission";
				PRODUCT_NAME = "$(TARGET_NAME)";
				STRING_CATALOG_GENERATE_SYMBOLS = YES;
				SWIFT_EMIT_LOC_STRINGS = YES;
				TARGETED_DEVICE_FAMILY = "1,2";
			};
			name = Release;
		};
		86DE2CF22F9A731A002BC5DA /* Debug */ = {
			isa = XCBuildConfiguration;
			buildSettings = {
				ALWAYS_SEARCH_USER_PATHS = NO;
				ASSETCATALOG_COMPILER_GENERATE_SWIFT_ASSET_SYMBOL_EXTENSIONS = YES;
				CLANG_ANALYZER_NONNULL = YES;
				CLANG_ANALYZER_NUMBER_OBJECT_CONVERSION = YES_AGGRESSIVE;
				CLANG_CXX_LANGUAGE_STANDARD = "gnu++20";
				CLANG_ENABLE_MODULES = YES;
				CLANG_ENABLE_OBJC_ARC = YES;
				CLANG_ENABLE_OBJC_WEAK = YES;
				CLANG_WARN_BLOCK_CAPTURE_AUTORELEASING = YES;
				CLANG_WARN_BOOL_CONVERSION = YES;
				CLANG_WARN_COMMA = YES;
				CLANG_WARN_CONSTANT_CONVERSION = YES;
				CLANG_WARN_DEPRECATED_OBJC_IMPLEMENTATIONS = YES;
				CLANG_WARN_DIRECT_OBJC_ISA_USAGE = YES_ERROR;
				CLANG_WARN_DOCUMENTATION_COMMENTS = YES;
				CLANG_WARN_EMPTY_BODY = YES;
				CLANG_WARN_ENUM_CONVERSION = YES;
				CLANG_WARN_INFINITE_RECURSION = YES;
				CLANG_WARN_INT_CONVERSION = YES;
				CLANG_WARN_NON_LITERAL_NULL_CONVERSION = YES;
				CLANG_WARN_OBJC_IMPLICIT_RETAIN_SELF = YES;
				CLANG_WARN_OBJC_LITERAL_CONVERSION = YES;
				CLANG_WARN_OBJC_ROOT_CLASS = YES_ERROR;
				CLANG_WARN_QUOTED_INCLUDE_IN_FRAMEWORK_HEADER = YES;
				CLANG_WARN_RANGE_LOOP_ANALYSIS = YES;
				CLANG_WARN_STRICT_PROTOTYPES = YES;
				CLANG_WARN_SUSPICIOUS_MOVE = YES;
				CLANG_WARN_UNGUARDED_AVAILABILITY = YES_AGGRESSIVE;
				CLANG_WARN_UNREACHABLE_CODE = YES;
				CLANG_WARN__DUPLICATE_METHOD_MATCH = YES;
				COPY_PHASE_STRIP = NO;
				DEBUG_INFORMATION_FORMAT = dwarf;
				DEVELOPMENT_TEAM = 3SAAZZPM76;
				ENABLE_STRICT_OBJC_MSGSEND = YES;
				ENABLE_TESTABILITY = YES;
				ENABLE_USER_SCRIPT_SANDBOXING = YES;
				GCC_C_LANGUAGE_STANDARD = gnu17;
				GCC_DYNAMIC_NO_PIC = NO;
				GCC_NO_COMMON_BLOCKS = YES;
				GCC_OPTIMIZATION_LEVEL = 0;
				GCC_PREPROCESSOR_DEFINITIONS = (
					"DEBUG=1",
					"$(inherited)",
				);
				GCC_WARN_64_TO_32_BIT_CONVERSION = YES;
				GCC_WARN_ABOUT_RETURN_TYPE = YES_ERROR;
				GCC_WARN_UNDECLARED_SELECTOR = YES;
				GCC_WARN_UNINITIALIZED_AUTOS = YES_AGGRESSIVE;
				GCC_WARN_UNUSED_FUNCTION = YES;
				GCC_WARN_UNUSED_VARIABLE = YES;
				IPHONEOS_DEPLOYMENT_TARGET = 26.4;
				LOCALIZATION_PREFERS_STRING_CATALOGS = YES;
				MTL_ENABLE_DEBUG_INFO = INCLUDE_SOURCE;
				MTL_FAST_MATH = YES;
				ONLY_ACTIVE_ARCH = YES;
				SDKROOT = iphoneos;
			};
			name = Debug;
		};
		86DE2CF32F9A731A002BC5DA /* Release */ = {
			isa = XCBuildConfiguration;
			buildSettings = {
				ALWAYS_SEARCH_USER_PATHS = NO;
				ASSETCATALOG_COMPILER_GENERATE_SWIFT_ASSET_SYMBOL_EXTENSIONS = YES;
				CLANG_ANALYZER_NONNULL = YES;
				CLANG_ANALYZER_NUMBER_OBJECT_CONVERSION = YES_AGGRESSIVE;
				CLANG_CXX_LANGUAGE_STANDARD = "gnu++20";
				CLANG_ENABLE_MODULES = YES;
				CLANG_ENABLE_OBJC_ARC = YES;
				CLANG_ENABLE_OBJC_WEAK = YES;
				CLANG_WARN_BLOCK_CAPTURE_AUTORELEASING = YES;
				CLANG_WARN_BOOL_CONVERSION = YES;
				CLANG_WARN_COMMA = YES;
				CLANG_WARN_CONSTANT_CONVERSION = YES;
				CLANG_WARN_DEPRECATED_OBJC_IMPLEMENTATIONS = YES;
				CLANG_WARN_DIRECT_OBJC_ISA_USAGE = YES_ERROR;
				CLANG_WARN_DOCUMENTATION_COMMENTS = YES;
				CLANG_WARN_EMPTY_BODY = YES;
				CLANG_WARN_ENUM_CONVERSION = YES;
				CLANG_WARN_INFINITE_RECURSION = YES;
				CLANG_WARN_INT_CONVERSION = YES;
				CLANG_WARN_NON_LITERAL_NULL_CONVERSION = YES;
				CLANG_WARN_OBJC_IMPLICIT_RETAIN_SELF = YES;
				CLANG_WARN_OBJC_LITERAL_CONVERSION = YES;
				CLANG_WARN_OBJC_ROOT_CLASS = YES_ERROR;
				CLANG_WARN_QUOTED_INCLUDE_IN_FRAMEWORK_HEADER = YES;
				CLANG_WARN_RANGE_LOOP_ANALYSIS = YES;
				CLANG_WARN_STRICT_PROTOTYPES = YES;
				CLANG_WARN_SUSPICIOUS_MOVE = YES;
				CLANG_WARN_UNGUARDED_AVAILABILITY = YES_AGGRESSIVE;
				CLANG_WARN_UNREACHABLE_CODE = YES;
				CLANG_WARN__DUPLICATE_METHOD_MATCH = YES;
				COPY_PHASE_STRIP = NO;
				DEBUG_INFORMATION_FORMAT = "dwarf-with-dsym";
				DEVELOPMENT_TEAM = 3SAAZZPM76;
				ENABLE_NS_ASSERTIONS = NO;
				ENABLE_STRICT_OBJC_MSGSEND = YES;
				ENABLE_USER_SCRIPT_SANDBOXING = YES;
				GCC_C_LANGUAGE_STANDARD = gnu17;
				GCC_NO_COMMON_BLOCKS = YES;
				GCC_WARN_64_TO_32_BIT_CONVERSION = YES;
				GCC_WARN_ABOUT_RETURN_TYPE = YES_ERROR;
				GCC_WARN_UNDECLARED_SELECTOR = YES;
				GCC_WARN_UNINITIALIZED_AUTOS = YES_AGGRESSIVE;
				GCC_WARN_UNUSED_FUNCTION = YES;
				GCC_WARN_UNUSED_VARIABLE = YES;
				IPHONEOS_DEPLOYMENT_TARGET = 26.4;
				LOCALIZATION_PREFERS_STRING_CATALOGS = YES;
				MTL_ENABLE_DEBUG_INFO = NO;
				MTL_FAST_MATH = YES;
				SDKROOT = iphoneos;
				VALIDATE_PRODUCT = YES;
			};
			name = Release;
		};
/* End XCBuildConfiguration section */

/* Begin XCConfigurationList section */
		86DE2CD22F9A7319002BC5DA /* Build configuration list for PBXProject "Next Permission" */ = {
			isa = XCConfigurationList;
			buildConfigurations = (
				86DE2CF22F9A731A002BC5DA /* Debug */,
				86DE2CF32F9A731A002BC5DA /* Release */,
			);
			defaultConfigurationIsVisible = 0;
			defaultConfigurationName = Release;
		};
		86DE2CEF2F9A731A002BC5DA /* Build configuration list for PBXNativeTarget "Next Permission" */ = {
			isa = XCConfigurationList;
			buildConfigurations = (
				86DE2CF02F9A731A002BC5DA /* Debug */,
				86DE2CF12F9A731A002BC5DA /* Release */,
			);
			defaultConfigurationIsVisible = 0;
			defaultConfigurationName = Release;
		};
		C0A100190000000000000019 /* Build configuration list for PBXNativeTarget "Next PermissionTests" */ = { isa = XCConfigurationList; buildConfigurations = ( C0A100200000000000000020 /* Debug */, C0A100210000000000000021 /* Release */, ); defaultConfigurationIsVisible = 0; defaultConfigurationName = Debug; };
/* End XCConfigurationList section */
	};
	rootObject = 86DE2CCF2F9A7319002BC5DA /* Project object */;
}
